
Microsoft Visual Studio Solution File, Format Version 12.00
# Visual Studio Version 17
VisualStudioVersion = 17.2.32630.192
MinimumVisualStudioVersion = 10.0.40219.1
Project("{2150E333-8FDC-42A3-9474-1A3956D46DE8}") = "Services", "Services", "{81515C76-AEB7-48C2-810D-0C78B5707F99}"
EndProject
Project("{2150E333-8FDC-42A3-9474-1A3956D46DE8}") = "Catalog", "Catalog", "{ADF99193-ABC9-4851-83FB-5092944233B6}"
EndProject
Project("{9A19103F-16F7-4668-BE54-9A1E7A4F7556}") = "Catalog.API", "Services\Catalog\Catalog.API\Catalog.API.csproj", "{38481BF5-A31E-40AB-B7E2-A7440D3E96B9}"
EndProject
Project("{E53339B2-1760-4266-BCC7-CA923CBCF16C}") = "docker-compose", "docker-compose.dcproj", "{00254DFD-41EE-4D42-8790-66780F1FCB50}"
EndProject
Project("{2150E333-8FDC-42A3-9474-1A3956D46DE8}") = "Basket", "Basket", "{28A14205-7D35-4516-8E3C-85E36352DF06}"
EndProject
Project("{FAE04EC0-301F-11D3-BF4B-00C04F79EFBC}") = "Basket.API", "Services\Basket\Basket.API\Basket.API.csproj", "{1C627024-F802-4049-BEBA-1DB969C215A7}"
EndProject
Global
	GlobalSection(SolutionConfigurationPlatforms) = preSolution
		Debug|Any CPU = Debug|Any CPU
		Release|Any CPU = Release|Any CPU
	EndGlobalSection
	GlobalSection(ProjectConfigurationPlatforms) = postSolution
		{38481BF5-A31E-40AB-B7E2-A7440D3E96B9}.Debug|Any CPU.ActiveCfg = Debug|Any CPU
		{38481BF5-A31E-40AB-B7E2-A7440D3E96B9}.Debug|Any CPU.Build.0 = Debug|Any CPU
		{38481BF5-A31E-40AB-B7E2-A7440D3E96B9}.Release|Any CPU.ActiveCfg = Release|Any CPU
		{38481BF5-A31E-40AB-B7E2-A7440D3E96B9}.Release|Any CPU.Build.0 = Release|Any CPU
		{00254DFD-41EE-4D42-8790-66780F1FCB50}.Debug|Any CPU.ActiveCfg = Debug|Any CPU
		{00254DFD-41EE-4D42-8790-66780F1FCB50}.Debug|Any CPU.Build.0 = Debug|Any CPU
		{00254DFD-41EE-4D42-8790-66780F1FCB50}.Release|Any CPU.ActiveCfg = Release|Any CPU
		{00254DFD-41EE-4D42-8790-66780F1FCB50}.Release|Any CPU.Build.0 = Release|Any CPU
		{1C627024-F802-4049-BEBA-1DB969C215A7}.Debug|Any CPU.ActiveCfg = Debug|Any CPU
		{1C627024-F802-4049-BEBA-1DB969C215A7}.Debug|Any CPU.Build.0 = Debug|Any CPU
		{1C627024-F802-4049-BEBA-1DB969C215A7}.Release|Any CPU.ActiveCfg = Release|Any CPU
		{1C627024-F802-4049-BEBA-1DB969C215A7}.Release|Any CPU.Build.0 = Release|Any CPU
	EndGlobalSection
	GlobalSection(SolutionProperties) = preSolution
		HideSolutionNode = FALSE
	EndGlobalSection
	GlobalSection(NestedProjects) = preSolution
		{ADF99193-ABC9-4851-83FB-5092944233B6} = {81515C76-AEB7-48C2-810D-0C78B5707F99}
		{38481BF5-A31E-40AB-B7E2-A7440D3E96B9} = {ADF99193-ABC9-4851-83FB-5092944233B6}
		{28A14205-7D35-4516-8E3C-85E36352DF06} = {81515C76-AEB7-48C2-810D-0C78B5707F99}
		{1C627024-F802-4049-BEBA-1DB969C215A7} = {28A14205-7D35-4516-8E3C-85E36352DF06}
	EndGlobalSection
	GlobalSection(ExtensibilityGlobals) = postSolution
		SolutionGuid = {87B2D6D9-A6B7-4B39-B469-D4434E1B6804}
	EndGlobalSection
EndGlobal
