
Microsoft Visual Studio Solution File, Format Version 12.00
# Visual Studio Version 17
VisualStudioVersion = 17.2.32630.192
MinimumVisualStudioVersion = 10.0.40219.1
Project("{2150E333-8FDC-42A3-9474-1A3956D46DE8}") = "Services", "Services", "{81515C76-AEB7-48C2-810D-0C78B5707F99}"
EndProject
Project("{2150E333-8FDC-42A3-9474-1A3956D46DE8}") = "Catalog", "Catalog", "{ADF99193-ABC9-4851-83FB-5092944233B6}"
EndProject
Project("{9A19103F-16F7-4668-BE54-9A1E7A4F7556}") = "Catalog.API", "Services\Catalog\Catalog.API\Catalog.API.csproj", "{38481BF5-A31E-40AB-B7E2-A7440D3E96B9}"
EndProject
Project("{E53339B2-1760-4266-BCC7-CA923CBCF16C}") = "docker-compose", "docker-compose.dcproj", "{00254DFD-41EE-4D42-8790-66780F1FCB50}"
EndProject
Project("{2150E333-8FDC-42A3-9474-1A3956D46DE8}") = "Basket", "Basket", "{28A14205-7D35-4516-8E3C-85E36352DF06}"
EndProject
Project("{9A19103F-16F7-4668-BE54-9A1E7A4F7556}") = "Basket.API", "Services\Basket\Basket.API\Basket.API.csproj", "{1C627024-F802-4049-BEBA-1DB969C215A7}"
EndProject
Project("{2150E333-8FDC-42A3-9474-1A3956D46DE8}") = "Discount", "Discount", "{AB3A26A1-FBAB-453F-BF80-74B562978AEA}"
EndProject
Project("{9A19103F-16F7-4668-BE54-9A1E7A4F7556}") = "Discount.API", "Services\Discount\Discount.API\Discount.API.csproj", "{D25133B1-9EF0-457E-A704-DCB2635480CA}"
EndProject
Project("{9A19103F-16F7-4668-BE54-9A1E7A4F7556}") = "Discount.Grpc", "Services\Discount\Discount.Grpc\Discount.Grpc.csproj", "{077841D5-E2B9-4EEE-ADAF-3522F6AE44EA}"
EndProject
Project("{2150E333-8FDC-42A3-9474-1A3956D46DE8}") = "Ordering", "Ordering", "{A97142D5-4D2A-4B84-9EB8-32F9C4E9CC73}"
EndProject
Project("{9A19103F-16F7-4668-BE54-9A1E7A4F7556}") = "Ordering.Api", "Services\Ordering\Ordering.Api\Ordering.Api.csproj", "{76E93E97-E425-4481-AC2C-EF21E84D5E05}"
EndProject
Project("{9A19103F-16F7-4668-BE54-9A1E7A4F7556}") = "Ordering.Domain", "Services\Ordering\Ordering.Domain\Ordering.Domain.csproj", "{1B397D93-0A7D-4F71-9251-B09A69B51DC0}"
EndProject
Project("{9A19103F-16F7-4668-BE54-9A1E7A4F7556}") = "Ordering.Application", "Services\Ordering\Ordering.Application\Ordering.Application.csproj", "{A8758EA2-18C4-4942-AA5C-2C6D61713998}"
EndProject
Project("{9A19103F-16F7-4668-BE54-9A1E7A4F7556}") = "Ordering.Infrastructure", "Services\Ordering\Ordering.Infrastructure\Ordering.Infrastructure.csproj", "{05447900-EA1C-4E80-BEEA-939B698EEF5E}"
EndProject
Project("{2150E333-8FDC-42A3-9474-1A3956D46DE8}") = "BuildingBloks", "BuildingBloks", "{1DCC9762-0B7D-44DA-8635-4FDD7AC8BF46}"
EndProject
Project("{9A19103F-16F7-4668-BE54-9A1E7A4F7556}") = "EventBus.Messages", "BuildingBloks\EventBus.Messages\EventBus.Messages.csproj", "{FA30ADC7-7266-4917-B956-828C1C42F4B6}"
EndProject
Project("{2150E333-8FDC-42A3-9474-1A3956D46DE8}") = "ApiGateways", "ApiGateways", "{619B4EFE-928C-462F-9D1A-EC9C64EF56C2}"
EndProject
Project("{FAE04EC0-301F-11D3-BF4B-00C04F79EFBC}") = "OcelotApiGw", "ApiGateways\OcelotApiGw\OcelotApiGw.csproj", "{D265A93F-2CD2-4515-8A75-FE7D1E953501}"
EndProject
Global
	GlobalSection(SolutionConfigurationPlatforms) = preSolution
		Debug|Any CPU = Debug|Any CPU
		Release|Any CPU = Release|Any CPU
	EndGlobalSection
	GlobalSection(ProjectConfigurationPlatforms) = postSolution
		{38481BF5-A31E-40AB-B7E2-A7440D3E96B9}.Debug|Any CPU.ActiveCfg = Debug|Any CPU
		{38481BF5-A31E-40AB-B7E2-A7440D3E96B9}.Debug|Any CPU.Build.0 = Debug|Any CPU
		{38481BF5-A31E-40AB-B7E2-A7440D3E96B9}.Release|Any CPU.ActiveCfg = Release|Any CPU
		{38481BF5-A31E-40AB-B7E2-A7440D3E96B9}.Release|Any CPU.Build.0 = Release|Any CPU
		{00254DFD-41EE-4D42-8790-66780F1FCB50}.Debug|Any CPU.ActiveCfg = Debug|Any CPU
		{00254DFD-41EE-4D42-8790-66780F1FCB50}.Debug|Any CPU.Build.0 = Debug|Any CPU
		{00254DFD-41EE-4D42-8790-66780F1FCB50}.Release|Any CPU.ActiveCfg = Release|Any CPU
		{00254DFD-41EE-4D42-8790-66780F1FCB50}.Release|Any CPU.Build.0 = Release|Any CPU
		{1C627024-F802-4049-BEBA-1DB969C215A7}.Debug|Any CPU.ActiveCfg = Debug|Any CPU
		{1C627024-F802-4049-BEBA-1DB969C215A7}.Debug|Any CPU.Build.0 = Debug|Any CPU
		{1C627024-F802-4049-BEBA-1DB969C215A7}.Release|Any CPU.ActiveCfg = Release|Any CPU
		{1C627024-F802-4049-BEBA-1DB969C215A7}.Release|Any CPU.Build.0 = Release|Any CPU
		{D25133B1-9EF0-457E-A704-DCB2635480CA}.Debug|Any CPU.ActiveCfg = Debug|Any CPU
		{D25133B1-9EF0-457E-A704-DCB2635480CA}.Debug|Any CPU.Build.0 = Debug|Any CPU
		{D25133B1-9EF0-457E-A704-DCB2635480CA}.Release|Any CPU.ActiveCfg = Release|Any CPU
		{D25133B1-9EF0-457E-A704-DCB2635480CA}.Release|Any CPU.Build.0 = Release|Any CPU
		{077841D5-E2B9-4EEE-ADAF-3522F6AE44EA}.Debug|Any CPU.ActiveCfg = Debug|Any CPU
		{077841D5-E2B9-4EEE-ADAF-3522F6AE44EA}.Debug|Any CPU.Build.0 = Debug|Any CPU
		{077841D5-E2B9-4EEE-ADAF-3522F6AE44EA}.Release|Any CPU.ActiveCfg = Release|Any CPU
		{077841D5-E2B9-4EEE-ADAF-3522F6AE44EA}.Release|Any CPU.Build.0 = Release|Any CPU
		{76E93E97-E425-4481-AC2C-EF21E84D5E05}.Debug|Any CPU.ActiveCfg = Debug|Any CPU
		{76E93E97-E425-4481-AC2C-EF21E84D5E05}.Debug|Any CPU.Build.0 = Debug|Any CPU
		{76E93E97-E425-4481-AC2C-EF21E84D5E05}.Release|Any CPU.ActiveCfg = Release|Any CPU
		{76E93E97-E425-4481-AC2C-EF21E84D5E05}.Release|Any CPU.Build.0 = Release|Any CPU
		{1B397D93-0A7D-4F71-9251-B09A69B51DC0}.Debug|Any CPU.ActiveCfg = Debug|Any CPU
		{1B397D93-0A7D-4F71-9251-B09A69B51DC0}.Debug|Any CPU.Build.0 = Debug|Any CPU
		{1B397D93-0A7D-4F71-9251-B09A69B51DC0}.Release|Any CPU.ActiveCfg = Release|Any CPU
		{1B397D93-0A7D-4F71-9251-B09A69B51DC0}.Release|Any CPU.Build.0 = Release|Any CPU
		{A8758EA2-18C4-4942-AA5C-2C6D61713998}.Debug|Any CPU.ActiveCfg = Debug|Any CPU
		{A8758EA2-18C4-4942-AA5C-2C6D61713998}.Debug|Any CPU.Build.0 = Debug|Any CPU
		{A8758EA2-18C4-4942-AA5C-2C6D61713998}.Release|Any CPU.ActiveCfg = Release|Any CPU
		{A8758EA2-18C4-4942-AA5C-2C6D61713998}.Release|Any CPU.Build.0 = Release|Any CPU
		{05447900-EA1C-4E80-BEEA-939B698EEF5E}.Debug|Any CPU.ActiveCfg = Debug|Any CPU
		{05447900-EA1C-4E80-BEEA-939B698EEF5E}.Debug|Any CPU.Build.0 = Debug|Any CPU
		{05447900-EA1C-4E80-BEEA-939B698EEF5E}.Release|Any CPU.ActiveCfg = Release|Any CPU
		{05447900-EA1C-4E80-BEEA-939B698EEF5E}.Release|Any CPU.Build.0 = Release|Any CPU
		{FA30ADC7-7266-4917-B956-828C1C42F4B6}.Debug|Any CPU.ActiveCfg = Debug|Any CPU
		{FA30ADC7-7266-4917-B956-828C1C42F4B6}.Debug|Any CPU.Build.0 = Debug|Any CPU
		{FA30ADC7-7266-4917-B956-828C1C42F4B6}.Release|Any CPU.ActiveCfg = Release|Any CPU
		{FA30ADC7-7266-4917-B956-828C1C42F4B6}.Release|Any CPU.Build.0 = Release|Any CPU
		{D265A93F-2CD2-4515-8A75-FE7D1E953501}.Debug|Any CPU.ActiveCfg = Debug|Any CPU
		{D265A93F-2CD2-4515-8A75-FE7D1E953501}.Debug|Any CPU.Build.0 = Debug|Any CPU
		{D265A93F-2CD2-4515-8A75-FE7D1E953501}.Release|Any CPU.ActiveCfg = Release|Any CPU
		{D265A93F-2CD2-4515-8A75-FE7D1E953501}.Release|Any CPU.Build.0 = Release|Any CPU
	EndGlobalSection
	GlobalSection(SolutionProperties) = preSolution
		HideSolutionNode = FALSE
	EndGlobalSection
	GlobalSection(NestedProjects) = preSolution
		{ADF99193-ABC9-4851-83FB-5092944233B6} = {81515C76-AEB7-48C2-810D-0C78B5707F99}
		{38481BF5-A31E-40AB-B7E2-A7440D3E96B9} = {ADF99193-ABC9-4851-83FB-5092944233B6}
		{28A14205-7D35-4516-8E3C-85E36352DF06} = {81515C76-AEB7-48C2-810D-0C78B5707F99}
		{1C627024-F802-4049-BEBA-1DB969C215A7} = {28A14205-7D35-4516-8E3C-85E36352DF06}
		{AB3A26A1-FBAB-453F-BF80-74B562978AEA} = {81515C76-AEB7-48C2-810D-0C78B5707F99}
		{D25133B1-9EF0-457E-A704-DCB2635480CA} = {AB3A26A1-FBAB-453F-BF80-74B562978AEA}
		{077841D5-E2B9-4EEE-ADAF-3522F6AE44EA} = {AB3A26A1-FBAB-453F-BF80-74B562978AEA}
		{A97142D5-4D2A-4B84-9EB8-32F9C4E9CC73} = {81515C76-AEB7-48C2-810D-0C78B5707F99}
		{76E93E97-E425-4481-AC2C-EF21E84D5E05} = {A97142D5-4D2A-4B84-9EB8-32F9C4E9CC73}
		{1B397D93-0A7D-4F71-9251-B09A69B51DC0} = {A97142D5-4D2A-4B84-9EB8-32F9C4E9CC73}
		{A8758EA2-18C4-4942-AA5C-2C6D61713998} = {A97142D5-4D2A-4B84-9EB8-32F9C4E9CC73}
		{05447900-EA1C-4E80-BEEA-939B698EEF5E} = {A97142D5-4D2A-4B84-9EB8-32F9C4E9CC73}
		{FA30ADC7-7266-4917-B956-828C1C42F4B6} = {1DCC9762-0B7D-44DA-8635-4FDD7AC8BF46}
		{D265A93F-2CD2-4515-8A75-FE7D1E953501} = {619B4EFE-928C-462F-9D1A-EC9C64EF56C2}
	EndGlobalSection
	GlobalSection(ExtensibilityGlobals) = postSolution
		SolutionGuid = {87B2D6D9-A6B7-4B39-B469-D4434E1B6804}
	EndGlobalSection
EndGlobal
